# This file is automatically @generated by Cargo.
# It is not intended for manual editing.
version = 3

[[package]]
name = "bitfield-struct"
version = "0.6.1"
source = "registry+https://github.com/rust-lang/crates.io-index"
checksum = "1657dce144574f921af10a92876a96f0ca05dd830900598d21d91c8e4cf78f74"
dependencies = [
 "proc-macro2",
 "quote",
 "syn",
]

[[package]]
name = "byteorder"
version = "1.5.0"
source = "registry+https://github.com/rust-lang/crates.io-index"
checksum = "1fd0f2584146f6f2ef48085050886acf353beff7305ebd1ae69500e27c67f64b"

[[package]]
name = "hash32"
version = "0.3.1"
source = "registry+https://github.com/rust-lang/crates.io-index"
checksum = "47d60b12902ba28e2730cd37e95b8c9223af2808df9e902d4df49588d1470606"
dependencies = [
 "byteorder",
]

[[package]]
name = "heapless"
version = "0.8.0"
source = "registry+https://github.com/rust-lang/crates.io-index"
checksum = "0bfb9eb618601c89945a70e254898da93b13be0388091d42117462b265bb3fad"
dependencies = [
 "hash32",
 "stable_deref_trait",
]

[[package]]
name = "nixie-sdk"
version = "0.1.0"
dependencies = [
 "bitfield-struct",
 "heapless",
 "zerocopy",
 "zerocopy-derive",
]

[[package]]
name = "nixie-test"
version = "0.1.0"
dependencies = [
 "heapless",
 "nixie-sdk",
 "zerocopy",
 "zerocopy-derive",
]

[[package]]
name = "proc-macro2"
version = "1.0.82"
source = "registry+https://github.com/rust-lang/crates.io-index"
checksum = "8ad3d49ab951a01fbaafe34f2ec74122942fe18a3f9814c3268f1bb72042131b"
dependencies = [
 "unicode-ident",
]

[[package]]
name = "quote"
version = "1.0.36"
source = "registry+https://github.com/rust-lang/crates.io-index"
checksum = "0fa76aaf39101c457836aec0ce2316dbdc3ab723cdda1c6bd4e6ad4208acaca7"
dependencies = [
 "proc-macro2",
]

[[package]]
name = "stable_deref_trait"
version = "1.2.0"
source = "registry+https://github.com/rust-lang/crates.io-index"
checksum = "a8f112729512f8e442d81f95a8a7ddf2b7c6b8a1a6f509a95864142b30cab2d3"

[[package]]
name = "syn"
version = "2.0.61"
source = "registry+https://github.com/rust-lang/crates.io-index"
checksum = "c993ed8ccba56ae856363b1845da7266a7cb78e1d146c8a32d54b45a8b831fc9"
dependencies = [
 "proc-macro2",
 "quote",
 "unicode-ident",
]

[[package]]
name = "unicode-ident"
version = "1.0.12"
source = "registry+https://github.com/rust-lang/crates.io-index"
checksum = "3354b9ac3fae1ff6755cb6db53683adb661634f67557942dea4facebec0fee4b"

[[package]]
name = "zerocopy"
version = "0.7.34"
source = "registry+https://github.com/rust-lang/crates.io-index"
checksum = "ae87e3fcd617500e5d106f0380cf7b77f3c6092aae37191433159dda23cfb087"
dependencies = [
 "byteorder",
 "zerocopy-derive",
]

[[package]]
name = "zerocopy-derive"
version = "0.7.34"
source = "registry+https://github.com/rust-lang/crates.io-index"
checksum = "15e934569e47891f7d9411f1a451d947a60e000ab3bd24fbb970f000387d1b3b"
dependencies = [
 "proc-macro2",
 "quote",
 "syn",
]
